# THIS IS AN AUTOGENERATED FILE. DO NOT EDIT THIS FILE DIRECTLY.
# yarn lockfile v1


accepts@~1.3.4, accepts@~1.3.8:
  version "1.3.8"
  resolved "https://registry.yarnpkg.com/accepts/-/accepts-1.3.8.tgz#0bf0be125b67014adcb0b0921e62db7bffe16b2e"
  dependencies:
    mime-types "~2.1.34"
    negotiator "0.6.3"

after@0.8.2:
  version "0.8.2"
  resolved "https://registry.yarnpkg.com/after/-/after-0.8.2.tgz#fedb394f9f0e02aa9768e702bda23b505fae7e1f"

array-flatten@1.1.1:
  version "1.1.1"
  resolved "https://registry.yarnpkg.com/array-flatten/-/array-flatten-1.1.1.tgz#9a5f699051b1e7073328f2a008968b64ea2955d2"

arraybuffer.slice@~0.0.7:
  version "0.0.7"
  resolved "https://registry.yarnpkg.com/arraybuffer.slice/-/arraybuffer.slice-0.0.7.tgz#3bbc4275dd584cc1b10809b89d4e8b63a69e7675"

async-limiter@~1.0.0:
  version "1.0.1"
  resolved "https://registry.yarnpkg.com/async-limiter/-/async-limiter-1.0.1.tgz#dd379e94f0db8310b08291f9d64c3209766617fd"

backo2@1.0.2:
  version "1.0.2"
  resolved "https://registry.yarnpkg.com/backo2/-/backo2-1.0.2.tgz#31ab1ac8b129363463e35b3ebb69f4dfcfba7947"

base64-arraybuffer@0.1.5:
  version "0.1.5"
  resolved "https://registry.yarnpkg.com/base64-arraybuffer/-/base64-arraybuffer-0.1.5.tgz#73926771923b5a19747ad666aa5cd4bf9c6e9ce8"

base64id@1.0.0:
  version "1.0.0"
  resolved "https://registry.yarnpkg.com/base64id/-/base64id-1.0.0.tgz#47688cb99bb6804f0e06d3e763b1c32e57d8e6b6"

better-assert@~1.0.0:
  version "1.0.2"
  resolved "https://registry.yarnpkg.com/better-assert/-/better-assert-1.0.2.tgz#40866b9e1b9e0b55b481894311e68faffaebc522"
  dependencies:
    callsite "1.0.0"

blob@0.0.5:
  version "0.0.5"
  resolved "https://registry.yarnpkg.com/blob/-/blob-0.0.5.tgz#d680eeef25f8cd91ad533f5b01eed48e64caf683"

body-parser@1.20.3:
  version "1.20.3"
  resolved "https://registry.yarnpkg.com/body-parser/-/body-parser-1.20.3.tgz#1953431221c6fb5cd63c4b36d53fab0928e548c6"
  dependencies:
    bytes "3.1.2"
    content-type "~1.0.5"
    debug "2.6.9"
    depd "2.0.0"
    destroy "1.2.0"
    http-errors "2.0.0"
    iconv-lite "0.4.24"
    on-finished "2.4.1"
    qs "6.13.0"
    raw-body "2.5.2"
    type-is "~1.6.18"
    unpipe "1.0.0"

bytes@3.1.2:
  version "3.1.2"
  resolved "https://registry.yarnpkg.com/bytes/-/bytes-3.1.2.tgz#8b0beeb98605adf1b128fa4386403c009e0221a5"

call-bind@^1.0.7:
  version "1.0.7"
  resolved "https://registry.yarnpkg.com/call-bind/-/call-bind-1.0.7.tgz#06016599c40c56498c18769d2730be242b6fa3b9"
  dependencies:
    es-define-property "^1.0.0"
    es-errors "^1.3.0"
    function-bind "^1.1.2"
    get-intrinsic "^1.2.4"
    set-function-length "^1.2.1"

callsite@1.0.0:
  version "1.0.0"
  resolved "https://registry.yarnpkg.com/callsite/-/callsite-1.0.0.tgz#280398e5d664bd74038b6f0905153e6e8af1bc20"

cbor-js@^0.1.0:
  version "0.1.0"
  resolved "https://registry.yarnpkg.com/cbor-js/-/cbor-js-0.1.0.tgz#c80ce6120f387e8faa74370dfda21d965b8fc7f9"

component-bind@1.0.0:
  version "1.0.0"
  resolved "https://registry.yarnpkg.com/component-bind/-/component-bind-1.0.0.tgz#00c608ab7dcd93897c0009651b1d3a8e1e73bbd1"

component-emitter@1.2.1:
  version "1.2.1"
  resolved "https://registry.yarnpkg.com/component-emitter/-/component-emitter-1.2.1.tgz#137918d6d78283f7df7a6b7c5a63e140e69425e6"

component-emitter@~1.3.0:
  version "1.3.0"
  resolved "https://registry.yarnpkg.com/component-emitter/-/component-emitter-1.3.0.tgz#16e4070fba8ae29b679f2215853ee181ab2eabc0"

component-inherit@0.0.3:
  version "0.0.3"
  resolved "https://registry.yarnpkg.com/component-inherit/-/component-inherit-0.0.3.tgz#645fc4adf58b72b649d5cae65135619db26ff143"

content-disposition@0.5.4:
  version "0.5.4"
  resolved "https://registry.yarnpkg.com/content-disposition/-/content-disposition-0.5.4.tgz#8b82b4efac82512a02bb0b1dcec9d2c5e8eb5bfe"
  dependencies:
    safe-buffer "5.2.1"

content-type@~1.0.4, content-type@~1.0.5:
  version "1.0.5"
  resolved "https://registry.yarnpkg.com/content-type/-/content-type-1.0.5.tgz#8b773162656d1d1086784c8f23a54ce6d73d7918"

cookie-signature@1.0.6:
  version "1.0.6"
  resolved "https://registry.yarnpkg.com/cookie-signature/-/cookie-signature-1.0.6.tgz#e303a882b342cc3ee8ca513a79999734dab3ae2c"

cookie@0.3.1:
  version "0.3.1"
  resolved "https://registry.yarnpkg.com/cookie/-/cookie-0.3.1.tgz#e7e0a1f9ef43b4c8ba925c5c5a96e806d16873bb"

cookie@0.6.0:
  version "0.6.0"
  resolved "https://registry.yarnpkg.com/cookie/-/cookie-0.6.0.tgz#2798b04b071b0ecbff0dbb62a505a8efa4e19051"

debug@2.6.9:
  version "2.6.9"
  resolved "https://registry.yarnpkg.com/debug/-/debug-2.6.9.tgz#5d128515df134ff327e90a4c93f4e077a536341f"
  dependencies:
    ms "2.0.0"

debug@~3.1.0:
  version "3.1.0"
  resolved "https://registry.yarnpkg.com/debug/-/debug-3.1.0.tgz#5bb5a0672628b64149566ba16819e61518c67261"
  dependencies:
    ms "2.0.0"

debug@~4.1.0:
  version "4.1.1"
  resolved "https://registry.yarnpkg.com/debug/-/debug-4.1.1.tgz#3b72260255109c6b589cee050f1d516139664791"
  dependencies:
    ms "^2.1.1"

define-data-property@^1.1.4:
  version "1.1.4"
  resolved "https://registry.yarnpkg.com/define-data-property/-/define-data-property-1.1.4.tgz#894dc141bb7d3060ae4366f6a0107e68fbe48c5e"
  dependencies:
    es-define-property "^1.0.0"
    es-errors "^1.3.0"
    gopd "^1.0.1"

depd@2.0.0:
  version "2.0.0"
  resolved "https://registry.yarnpkg.com/depd/-/depd-2.0.0.tgz#b696163cc757560d09cf22cc8fad1571b79e76df"

destroy@1.2.0:
  version "1.2.0"
  resolved "https://registry.yarnpkg.com/destroy/-/destroy-1.2.0.tgz#4803735509ad8be552934c67df614f94e66fa015"

ee-first@1.1.1:
  version "1.1.1"
  resolved "https://registry.yarnpkg.com/ee-first/-/ee-first-1.1.1.tgz#590c61156b0ae2f4f0255732a158b266bc56b21d"

encodeurl@~1.0.2:
  version "1.0.2"
  resolved "https://registry.yarnpkg.com/encodeurl/-/encodeurl-1.0.2.tgz#ad3ff4c86ec2d029322f5a02c3a9a606c95b3f59"

encodeurl@~2.0.0:
  version "2.0.0"
  resolved "https://registry.yarnpkg.com/encodeurl/-/encodeurl-2.0.0.tgz#7b8ea898077d7e409d3ac45474ea38eaf0857a58"

engine.io-client@~3.3.1:
  version "3.3.2"
  resolved "https://registry.yarnpkg.com/engine.io-client/-/engine.io-client-3.3.2.tgz#04e068798d75beda14375a264bb3d742d7bc33aa"
  dependencies:
    component-emitter "1.2.1"
    component-inherit "0.0.3"
    debug "~3.1.0"
    engine.io-parser "~2.1.1"
    has-cors "1.1.0"
    indexof "0.0.1"
    parseqs "0.0.5"
    parseuri "0.0.5"
    ws "~6.1.0"
    xmlhttprequest-ssl "~1.5.4"
    yeast "0.1.2"

engine.io-parser@~2.1.0, engine.io-parser@~2.1.1:
  version "2.1.3"
  resolved "https://registry.yarnpkg.com/engine.io-parser/-/engine.io-parser-2.1.3.tgz#757ab970fbf2dfb32c7b74b033216d5739ef79a6"
  dependencies:
    after "0.8.2"
    arraybuffer.slice "~0.0.7"
    base64-arraybuffer "0.1.5"
    blob "0.0.5"
    has-binary2 "~1.0.2"

engine.io@~3.3.1:
  version "3.3.2"
  resolved "https://registry.yarnpkg.com/engine.io/-/engine.io-3.3.2.tgz#18cbc8b6f36e9461c5c0f81df2b830de16058a59"
  dependencies:
    accepts "~1.3.4"
    base64id "1.0.0"
    cookie "0.3.1"
    debug "~3.1.0"
    engine.io-parser "~2.1.0"
    ws "~6.1.0"

es-define-property@^1.0.0:
  version "1.0.0"
  resolved "https://registry.yarnpkg.com/es-define-property/-/es-define-property-1.0.0.tgz#c7faefbdff8b2696cf5f46921edfb77cc4ba3845"
  dependencies:
    get-intrinsic "^1.2.4"

es-errors@^1.3.0:
  version "1.3.0"
  resolved "https://registry.yarnpkg.com/es-errors/-/es-errors-1.3.0.tgz#05f75a25dab98e4fb1dcd5e1472c0546d5057c8f"

escape-html@~1.0.3:
  version "1.0.3"
  resolved "https://registry.yarnpkg.com/escape-html/-/escape-html-1.0.3.tgz#0258eae4d3d0c0974de1c169188ef0051d1d1988"

etag@~1.8.1:
  version "1.8.1"
  resolved "https://registry.yarnpkg.com/etag/-/etag-1.8.1.tgz#41ae2eeb65efa62268aebfea83ac7d79299b0887"

eventemitter2@^4.1.0:
  version "4.1.2"
  resolved "https://registry.yarnpkg.com/eventemitter2/-/eventemitter2-4.1.2.tgz#0e1a8477af821a6ef3995b311bf74c23a5247f15"

eventemitter2@^6.4.0:
  version "6.4.4"
  resolved "https://registry.yarnpkg.com/eventemitter2/-/eventemitter2-6.4.4.tgz#aa96e8275c4dbeb017a5d0e03780c65612a1202b"

express@^4.20.0:
  version "4.20.0"
  resolved "https://registry.yarnpkg.com/express/-/express-4.20.0.tgz#f1d08e591fcec770c07be4767af8eb9bcfd67c48"
  dependencies:
    accepts "~1.3.8"
    array-flatten "1.1.1"
    body-parser "1.20.3"
    content-disposition "0.5.4"
    content-type "~1.0.4"
    cookie "0.6.0"
    cookie-signature "1.0.6"
    debug "2.6.9"
    depd "2.0.0"
    encodeurl "~2.0.0"
    escape-html "~1.0.3"
    etag "~1.8.1"
    finalhandler "1.2.0"
    fresh "0.5.2"
    http-errors "2.0.0"
    merge-descriptors "1.0.3"
    methods "~1.1.2"
    on-finished "2.4.1"
    parseurl "~1.3.3"
    path-to-regexp "0.1.10"
    proxy-addr "~2.0.7"
    qs "6.11.0"
    range-parser "~1.2.1"
    safe-buffer "5.2.1"
    send "0.19.0"
    serve-static "1.16.0"
    setprototypeof "1.2.0"
    statuses "2.0.1"
    type-is "~1.6.18"
    utils-merge "1.0.1"
    vary "~1.1.2"

finalhandler@1.2.0:
  version "1.2.0"
  resolved "https://registry.yarnpkg.com/finalhandler/-/finalhandler-1.2.0.tgz#7d23fe5731b207b4640e4fcd00aec1f9207a7b32"
  dependencies:
    debug "2.6.9"
    encodeurl "~1.0.2"
    escape-html "~1.0.3"
    on-finished "2.4.1"
    parseurl "~1.3.3"
    statuses "2.0.1"
    unpipe "~1.0.0"

forwarded@0.2.0:
  version "0.2.0"
  resolved "https://registry.yarnpkg.com/forwarded/-/forwarded-0.2.0.tgz#2269936428aad4c15c7ebe9779a84bf0b2a81811"

fresh@0.5.2:
  version "0.5.2"
  resolved "https://registry.yarnpkg.com/fresh/-/fresh-0.5.2.tgz#3d8cadd90d976569fa835ab1f8e4b23a105605a7"

function-bind@^1.1.2:
  version "1.1.2"
  resolved "https://registry.yarnpkg.com/function-bind/-/function-bind-1.1.2.tgz#2c02d864d97f3ea6c8830c464cbd11ab6eab7a1c"

get-intrinsic@^1.1.3, get-intrinsic@^1.2.4:
  version "1.2.4"
  resolved "https://registry.yarnpkg.com/get-intrinsic/-/get-intrinsic-1.2.4.tgz#e385f5a4b5227d449c3eabbad05494ef0abbeadd"
  dependencies:
    es-errors "^1.3.0"
    function-bind "^1.1.2"
    has-proto "^1.0.1"
    has-symbols "^1.0.3"
    hasown "^2.0.0"

gopd@^1.0.1:
  version "1.0.1"
  resolved "https://registry.yarnpkg.com/gopd/-/gopd-1.0.1.tgz#29ff76de69dac7489b7c0918a5788e56477c332c"
  dependencies:
    get-intrinsic "^1.1.3"

has-binary2@~1.0.2:
  version "1.0.3"
  resolved "https://registry.yarnpkg.com/has-binary2/-/has-binary2-1.0.3.tgz#7776ac627f3ea77250cfc332dab7ddf5e4f5d11d"
  dependencies:
    isarray "2.0.1"

has-cors@1.1.0:
  version "1.1.0"
  resolved "https://registry.yarnpkg.com/has-cors/-/has-cors-1.1.0.tgz#5e474793f7ea9843d1bb99c23eef49ff126fff39"

has-property-descriptors@^1.0.2:
  version "1.0.2"
  resolved "https://registry.yarnpkg.com/has-property-descriptors/-/has-property-descriptors-1.0.2.tgz#963ed7d071dc7bf5f084c5bfbe0d1b6222586854"
  dependencies:
    es-define-property "^1.0.0"

has-proto@^1.0.1:
  version "1.0.3"
  resolved "https://registry.yarnpkg.com/has-proto/-/has-proto-1.0.3.tgz#b31ddfe9b0e6e9914536a6ab286426d0214f77fd"

has-symbols@^1.0.3:
  version "1.0.3"
  resolved "https://registry.yarnpkg.com/has-symbols/-/has-symbols-1.0.3.tgz#bb7b2c4349251dce87b125f7bdf874aa7c8b39f8"

hasown@^2.0.0:
  version "2.0.2"
  resolved "https://registry.yarnpkg.com/hasown/-/hasown-2.0.2.tgz#003eaf91be7adc372e84ec59dc37252cedb80003"
  dependencies:
    function-bind "^1.1.2"

http-errors@2.0.0:
  version "2.0.0"
  resolved "https://registry.yarnpkg.com/http-errors/-/http-errors-2.0.0.tgz#b7774a1486ef73cf7667ac9ae0858c012c57b9d3"
  dependencies:
    depd "2.0.0"
    inherits "2.0.4"
    setprototypeof "1.2.0"
    statuses "2.0.1"
    toidentifier "1.0.1"

iconv-lite@0.4.24:
  version "0.4.24"
  resolved "https://registry.yarnpkg.com/iconv-lite/-/iconv-lite-0.4.24.tgz#2022b4b25fbddc21d2f524974a474aafe733908b"
  dependencies:
    safer-buffer ">= 2.1.2 < 3"

indexof@0.0.1:
  version "0.0.1"
  resolved "https://registry.yarnpkg.com/indexof/-/indexof-0.0.1.tgz#82dc336d232b9062179d05ab3293a66059fd435d"

inherits@2.0.4:
  version "2.0.4"
  resolved "https://registry.yarnpkg.com/inherits/-/inherits-2.0.4.tgz#0fa2c64f932917c3433a0ded55363aae37416b7c"

ipaddr.js@1.9.1:
  version "1.9.1"
  resolved "https://registry.yarnpkg.com/ipaddr.js/-/ipaddr.js-1.9.1.tgz#bff38543eeb8984825079ff3a2a8e6cbd46781b3"

isarray@2.0.1:
  version "2.0.1"
  resolved "https://registry.yarnpkg.com/isarray/-/isarray-2.0.1.tgz#a37d94ed9cda2d59865c9f76fe596ee1f338741e"

media-typer@0.3.0:
  version "0.3.0"
  resolved "https://registry.yarnpkg.com/media-typer/-/media-typer-0.3.0.tgz#8710d7af0aa626f8fffa1ce00168545263255748"

merge-descriptors@1.0.3:
  version "1.0.3"
  resolved "https://registry.yarnpkg.com/merge-descriptors/-/merge-descriptors-1.0.3.tgz#d80319a65f3c7935351e5cfdac8f9318504dbed5"

methods@~1.1.2:
  version "1.1.2"
  resolved "https://registry.yarnpkg.com/methods/-/methods-1.1.2.tgz#5529a4d67654134edcc5266656835b0f851afcee"

mime-db@1.48.0:
  version "1.48.0"
  resolved "https://registry.yarnpkg.com/mime-db/-/mime-db-1.48.0.tgz#e35b31045dd7eada3aaad537ed88a33afbef2d1d"

mime-db@1.52.0:
  version "1.52.0"
  resolved "https://registry.yarnpkg.com/mime-db/-/mime-db-1.52.0.tgz#bbabcdc02859f4987301c856e3387ce5ec43bf70"

mime-types@~2.1.24:
  version "2.1.31"
  resolved "https://registry.yarnpkg.com/mime-types/-/mime-types-2.1.31.tgz#a00d76b74317c61f9c2db2218b8e9f8e9c5c9e6b"
  dependencies:
    mime-db "1.48.0"

mime-types@~2.1.34:
  version "2.1.35"
  resolved "https://registry.yarnpkg.com/mime-types/-/mime-types-2.1.35.tgz#381a871b62a734450660ae3deee44813f70d959a"
  dependencies:
    mime-db "1.52.0"

mime@1.6.0:
  version "1.6.0"
  resolved "https://registry.yarnpkg.com/mime/-/mime-1.6.0.tgz#32cd9e5c64553bd58d19a568af452acff04981b1"

ms@2.0.0:
  version "2.0.0"
  resolved "https://registry.yarnpkg.com/ms/-/ms-2.0.0.tgz#5608aeadfc00be6c2901df5f9861788de0d597c8"

ms@2.1.3, ms@^2.1.1:
  version "2.1.3"
  resolved "https://registry.yarnpkg.com/ms/-/ms-2.1.3.tgz#574c8138ce1d2b5861f0b44579dbadd60c6615b2"

negotiator@0.6.3:
  version "0.6.3"
  resolved "https://registry.yarnpkg.com/negotiator/-/negotiator-0.6.3.tgz#58e323a72fedc0d6f9cd4d31fe49f51479590ccd"

object-assign@^4.0.1:
  version "4.1.1"
  resolved "https://registry.yarnpkg.com/object-assign/-/object-assign-4.1.1.tgz#2109adc7965887cfc05cbbd442cac8bfbb360863"

object-component@0.0.3:
  version "0.0.3"
  resolved "https://registry.yarnpkg.com/object-component/-/object-component-0.0.3.tgz#f0c69aa50efc95b866c186f400a33769cb2f1291"

object-inspect@^1.13.1:
  version "1.13.1"
  resolved "https://registry.yarnpkg.com/object-inspect/-/object-inspect-1.13.1.tgz#b96c6109324ccfef6b12216a956ca4dc2ff94bc2"

on-finished@2.4.1:
  version "2.4.1"
  resolved "https://registry.yarnpkg.com/on-finished/-/on-finished-2.4.1.tgz#58c8c44116e54845ad57f14ab10b03533184ac3f"
  dependencies:
    ee-first "1.1.1"

parseqs@0.0.5:
  version "0.0.5"
  resolved "https://registry.yarnpkg.com/parseqs/-/parseqs-0.0.5.tgz#d5208a3738e46766e291ba2ea173684921a8b89d"
  dependencies:
    better-assert "~1.0.0"

parseuri@0.0.5:
  version "0.0.5"
  resolved "https://registry.yarnpkg.com/parseuri/-/parseuri-0.0.5.tgz#80204a50d4dbb779bfdc6ebe2778d90e4bce320a"
  dependencies:
    better-assert "~1.0.0"

parseurl@~1.3.3:
  version "1.3.3"
  resolved "https://registry.yarnpkg.com/parseurl/-/parseurl-1.3.3.tgz#9da19e7bee8d12dff0513ed5b76957793bc2e8d4"

path-to-regexp@0.1.10:
  version "0.1.10"
  resolved "https://registry.yarnpkg.com/path-to-regexp/-/path-to-regexp-0.1.10.tgz#67e9108c5c0551b9e5326064387de4763c4d5f8b"

pngparse@^2.0.1:
  version "2.0.1"
  resolved "https://registry.yarnpkg.com/pngparse/-/pngparse-2.0.1.tgz#86852de4de349f4efb1e852e7525655e5ac5dfb8"

proxy-addr@~2.0.7:
  version "2.0.7"
  resolved "https://registry.yarnpkg.com/proxy-addr/-/proxy-addr-2.0.7.tgz#f19fe69ceab311eeb94b42e70e8c2070f9ba1025"
  dependencies:
    forwarded "0.2.0"
    ipaddr.js "1.9.1"

qs@6.11.0:
  version "6.11.0"
  resolved "https://registry.yarnpkg.com/qs/-/qs-6.11.0.tgz#fd0d963446f7a65e1367e01abd85429453f0c37a"
  dependencies:
    side-channel "^1.0.4"

qs@6.13.0:
  version "6.13.0"
  resolved "https://registry.yarnpkg.com/qs/-/qs-6.13.0.tgz#6ca3bd58439f7e245655798997787b0d88a51906"
  dependencies:
    side-channel "^1.0.6"

range-parser@~1.2.1:
  version "1.2.1"
  resolved "https://registry.yarnpkg.com/range-parser/-/range-parser-1.2.1.tgz#3cf37023d199e1c24d1a55b84800c2f3e6468031"

raw-body@2.5.2:
  version "2.5.2"
  resolved "https://registry.yarnpkg.com/raw-body/-/raw-body-2.5.2.tgz#99febd83b90e08975087e8f1f9419a149366b68a"
  dependencies:
    bytes "3.1.2"
    http-errors "2.0.0"
    iconv-lite "0.4.24"
    unpipe "1.0.0"

"ros3d@file:../..":
  version "1.1.0"
  dependencies:
    eventemitter2 "^6.4.0"
    roslib "^1.0.0"
    three "^0.89.0"

roslib@^1.0.0:
  version "1.1.0"
  resolved "https://registry.yarnpkg.com/roslib/-/roslib-1.1.0.tgz#78a0a95d0a771597b3b71879617a4eb88cb36660"
  dependencies:
    cbor-js "^0.1.0"
    eventemitter2 "^4.1.0"
    object-assign "^4.0.1"
    pngparse "^2.0.1"
    socket.io "2.2.0"
    webworkify "^1.5.0"
    ws "^7.2.1"
    xmldom "^0.1.19"

safe-buffer@5.2.1:
  version "5.2.1"
  resolved "https://registry.yarnpkg.com/safe-buffer/-/safe-buffer-5.2.1.tgz#1eaf9fa9bdb1fdd4ec75f58f9cdb4e6b7827eec6"

"safer-buffer@>= 2.1.2 < 3":
  version "2.1.2"
  resolved "https://registry.yarnpkg.com/safer-buffer/-/safer-buffer-2.1.2.tgz#44fa161b0187b9549dd84bb91802f9bd8385cd6a"

send@0.18.0:
  version "0.18.0"
  resolved "https://registry.yarnpkg.com/send/-/send-0.18.0.tgz#670167cc654b05f5aa4a767f9113bb371bc706be"
  dependencies:
    debug "2.6.9"
    depd "2.0.0"
    destroy "1.2.0"
    encodeurl "~1.0.2"
    escape-html "~1.0.3"
    etag "~1.8.1"
    fresh "0.5.2"
    http-errors "2.0.0"
    mime "1.6.0"
    ms "2.1.3"
    on-finished "2.4.1"
    range-parser "~1.2.1"
    statuses "2.0.1"

send@0.19.0:
  version "0.19.0"
  resolved "https://registry.yarnpkg.com/send/-/send-0.19.0.tgz#bbc5a388c8ea6c048967049dbeac0e4a3f09d7f8"
  dependencies:
    debug "2.6.9"
    depd "2.0.0"
    destroy "1.2.0"
    encodeurl "~1.0.2"
    escape-html "~1.0.3"
    etag "~1.8.1"
    fresh "0.5.2"
    http-errors "2.0.0"
    mime "1.6.0"
    ms "2.1.3"
    on-finished "2.4.1"
    range-parser "~1.2.1"
    statuses "2.0.1"

serve-static@1.16.0:
  version "1.16.0"
  resolved "https://registry.yarnpkg.com/serve-static/-/serve-static-1.16.0.tgz#2bf4ed49f8af311b519c46f272bf6ac3baf38a92"
  dependencies:
    encodeurl "~1.0.2"
    escape-html "~1.0.3"
    parseurl "~1.3.3"
    send "0.18.0"

set-function-length@^1.2.1:
  version "1.2.2"
  resolved "https://registry.yarnpkg.com/set-function-length/-/set-function-length-1.2.2.tgz#aac72314198eaed975cf77b2c3b6b880695e5449"
  dependencies:
    define-data-property "^1.1.4"
    es-errors "^1.3.0"
    function-bind "^1.1.2"
    get-intrinsic "^1.2.4"
    gopd "^1.0.1"
    has-property-descriptors "^1.0.2"

setprototypeof@1.2.0:
  version "1.2.0"
  resolved "https://registry.yarnpkg.com/setprototypeof/-/setprototypeof-1.2.0.tgz#66c9a24a73f9fc28cbe66b09fed3d33dcaf1b424"

side-channel@^1.0.4, side-channel@^1.0.6:
  version "1.0.6"
  resolved "https://registry.yarnpkg.com/side-channel/-/side-channel-1.0.6.tgz#abd25fb7cd24baf45466406b1096b7831c9215f2"
  dependencies:
    call-bind "^1.0.7"
    es-errors "^1.3.0"
    get-intrinsic "^1.2.4"
    object-inspect "^1.13.1"

socket.io-adapter@~1.1.0:
  version "1.1.2"
  resolved "https://registry.yarnpkg.com/socket.io-adapter/-/socket.io-adapter-1.1.2.tgz#ab3f0d6f66b8fc7fca3959ab5991f82221789be9"

socket.io-client@2.2.0:
  version "2.2.0"
  resolved "https://registry.yarnpkg.com/socket.io-client/-/socket.io-client-2.2.0.tgz#84e73ee3c43d5020ccc1a258faeeb9aec2723af7"
  dependencies:
    backo2 "1.0.2"
    base64-arraybuffer "0.1.5"
    component-bind "1.0.0"
    component-emitter "1.2.1"
    debug "~3.1.0"
    engine.io-client "~3.3.1"
    has-binary2 "~1.0.2"
    has-cors "1.1.0"
    indexof "0.0.1"
    object-component "0.0.3"
    parseqs "0.0.5"
    parseuri "0.0.5"
    socket.io-parser "~3.3.0"
    to-array "0.1.4"

socket.io-parser@~3.3.0:
  version "3.3.4"
  resolved "https://registry.yarnpkg.com/socket.io-parser/-/socket.io-parser-3.3.4.tgz#ab84236b6d06eaf1fb68b179b3a7501195886cc3"
  dependencies:
    component-emitter "~1.3.0"
    debug "~3.1.0"
    isarray "2.0.1"

socket.io@2.2.0:
  version "2.2.0"
  resolved "https://registry.yarnpkg.com/socket.io/-/socket.io-2.2.0.tgz#f0f633161ef6712c972b307598ecd08c9b1b4d5b"
  dependencies:
    debug "~4.1.0"
    engine.io "~3.3.1"
    has-binary2 "~1.0.2"
    socket.io-adapter "~1.1.0"
    socket.io-client "2.2.0"
    socket.io-parser "~3.3.0"

statuses@2.0.1:
  version "2.0.1"
  resolved "https://registry.yarnpkg.com/statuses/-/statuses-2.0.1.tgz#55cb000ccf1d48728bd23c685a063998cf1a1b63"

three@^0.89.0:
  version "0.89.0"
  resolved "https://registry.yarnpkg.com/three/-/three-0.89.0.tgz#4442d819a6168871b8d2cb37ad12a24310c170f5"

to-array@0.1.4:
  version "0.1.4"
  resolved "https://registry.yarnpkg.com/to-array/-/to-array-0.1.4.tgz#17e6c11f73dd4f3d74cda7a4ff3238e9ad9bf890"

toidentifier@1.0.1:
  version "1.0.1"
  resolved "https://registry.yarnpkg.com/toidentifier/-/toidentifier-1.0.1.tgz#3be34321a88a820ed1bd80dfaa33e479fbb8dd35"

type-is@~1.6.18:
  version "1.6.18"
  resolved "https://registry.yarnpkg.com/type-is/-/type-is-1.6.18.tgz#4e552cd05df09467dcbc4ef739de89f2cf37c131"
  dependencies:
    media-typer "0.3.0"
    mime-types "~2.1.24"

unpipe@1.0.0, unpipe@~1.0.0:
  version "1.0.0"
  resolved "https://registry.yarnpkg.com/unpipe/-/unpipe-1.0.0.tgz#b2bf4ee8514aae6165b4817829d21b2ef49904ec"

utils-merge@1.0.1:
  version "1.0.1"
  resolved "https://registry.yarnpkg.com/utils-merge/-/utils-merge-1.0.1.tgz#9f95710f50a267947b2ccc124741c1028427e713"

vary@~1.1.2:
  version "1.1.2"
  resolved "https://registry.yarnpkg.com/vary/-/vary-1.1.2.tgz#2299f02c6ded30d4a5961b0b9f74524a18f634fc"

webworkify@^1.5.0:
  version "1.5.0"
  resolved "https://registry.yarnpkg.com/webworkify/-/webworkify-1.5.0.tgz#734ad87a774de6ebdd546e1d3e027da5b8f4a42c"

ws@^7.2.1:
  version "7.5.0"
  resolved "https://registry.yarnpkg.com/ws/-/ws-7.5.0.tgz#0033bafea031fb9df041b2026fc72a571ca44691"

ws@~6.1.0:
  version "6.1.4"
  resolved "https://registry.yarnpkg.com/ws/-/ws-6.1.4.tgz#5b5c8800afab925e94ccb29d153c8d02c1776ef9"
  dependencies:
    async-limiter "~1.0.0"

xmldom@^0.1.19:
  version "0.1.27"
  resolved "https://registry.yarnpkg.com/xmldom/-/xmldom-0.1.27.tgz#d501f97b3bdb403af8ef9ecc20573187aadac0e9"

xmlhttprequest-ssl@~1.5.4:
  version "1.5.5"
  resolved "https://registry.yarnpkg.com/xmlhttprequest-ssl/-/xmlhttprequest-ssl-1.5.5.tgz#c2876b06168aadc40e57d97e81191ac8f4398b3e"

yeast@0.1.2:
  version "0.1.2"
  resolved "https://registry.yarnpkg.com/yeast/-/yeast-0.1.2.tgz#008e06d8094320c372dbc2f8ed76a0ca6c8ac419"
