# THIS IS AN AUTOGENERATED FILE. DO NOT EDIT THIS FILE DIRECTLY.
# yarn lockfile v1


accepts@1.1.4:
  version "1.1.4"
  resolved "https://registry.yarnpkg.com/accepts/-/accepts-1.1.4.tgz#d71c96f7d41d0feda2c38cd14e8a27c04158df4a"
  dependencies:
    mime-types "~2.0.4"
    negotiator "0.4.9"

accepts@~1.3.5:
  version "1.3.5"
  resolved "https://registry.yarnpkg.com/accepts/-/accepts-1.3.5.tgz#eb777df6011723a3b14e8a72c0805c8e86746bd2"
  dependencies:
    mime-types "~2.1.18"
    negotiator "0.6.1"

after@0.8.1:
  version "0.8.1"
  resolved "https://registry.yarnpkg.com/after/-/after-0.8.1.tgz#ab5d4fb883f596816d3515f8f791c0af486dd627"

array-flatten@1.1.1:
  version "1.1.1"
  resolved "https://registry.yarnpkg.com/array-flatten/-/array-flatten-1.1.1.tgz#9a5f699051b1e7073328f2a008968b64ea2955d2"

arraybuffer.slice@0.0.6:
  version "0.0.6"
  resolved "https://registry.yarnpkg.com/arraybuffer.slice/-/arraybuffer.slice-0.0.6.tgz#f33b2159f0532a3f3107a272c0ccfbd1ad2979ca"

backo2@1.0.2:
  version "1.0.2"
  resolved "https://registry.yarnpkg.com/backo2/-/backo2-1.0.2.tgz#31ab1ac8b129363463e35b3ebb69f4dfcfba7947"

base64-arraybuffer@0.1.2:
  version "0.1.2"
  resolved "https://registry.yarnpkg.com/base64-arraybuffer/-/base64-arraybuffer-0.1.2.tgz#474df4a9f2da24e05df3158c3b1db3c3cd46a154"

base64id@0.1.0:
  version "0.1.0"
  resolved "https://registry.yarnpkg.com/base64id/-/base64id-0.1.0.tgz#02ce0fdeee0cef4f40080e1e73e834f0b1bfce3f"

benchmark@1.0.0:
  version "1.0.0"
  resolved "https://registry.yarnpkg.com/benchmark/-/benchmark-1.0.0.tgz#2f1e2fa4c359f11122aa183082218e957e390c73"

better-assert@~1.0.0:
  version "1.0.2"
  resolved "https://registry.yarnpkg.com/better-assert/-/better-assert-1.0.2.tgz#40866b9e1b9e0b55b481894311e68faffaebc522"
  dependencies:
    callsite "1.0.0"

blob@0.0.4:
  version "0.0.4"
  resolved "https://registry.yarnpkg.com/blob/-/blob-0.0.4.tgz#bcf13052ca54463f30f9fc7e95b9a47630a94921"

body-parser@1.18.2:
  version "1.18.2"
  resolved "https://registry.yarnpkg.com/body-parser/-/body-parser-1.18.2.tgz#87678a19d84b47d859b83199bd59bce222b10454"
  dependencies:
    bytes "3.0.0"
    content-type "~1.0.4"
    debug "2.6.9"
    depd "~1.1.1"
    http-errors "~1.6.2"
    iconv-lite "0.4.19"
    on-finished "~2.3.0"
    qs "6.5.1"
    raw-body "2.3.2"
    type-is "~1.6.15"

bytes@3.0.0:
  version "3.0.0"
  resolved "https://registry.yarnpkg.com/bytes/-/bytes-3.0.0.tgz#d32815404d689699f85a4ea4fa8755dd13a96048"

callsite@1.0.0:
  version "1.0.0"
  resolved "https://registry.yarnpkg.com/callsite/-/callsite-1.0.0.tgz#280398e5d664bd74038b6f0905153e6e8af1bc20"

component-bind@1.0.0:
  version "1.0.0"
  resolved "https://registry.yarnpkg.com/component-bind/-/component-bind-1.0.0.tgz#00c608ab7dcd93897c0009651b1d3a8e1e73bbd1"

component-emitter@1.1.2:
  version "1.1.2"
  resolved "https://registry.yarnpkg.com/component-emitter/-/component-emitter-1.1.2.tgz#296594f2753daa63996d2af08d15a95116c9aec3"

component-emitter@1.2.0:
  version "1.2.0"
  resolved "https://registry.yarnpkg.com/component-emitter/-/component-emitter-1.2.0.tgz#ccd113a86388d06482d03de3fc7df98526ba8efe"

component-inherit@0.0.3:
  version "0.0.3"
  resolved "https://registry.yarnpkg.com/component-inherit/-/component-inherit-0.0.3.tgz#645fc4adf58b72b649d5cae65135619db26ff143"

content-disposition@0.5.2:
  version "0.5.2"
  resolved "https://registry.yarnpkg.com/content-disposition/-/content-disposition-0.5.2.tgz#0cf68bb9ddf5f2be7961c3a85178cb85dba78cb4"

content-type@~1.0.4:
  version "1.0.4"
  resolved "https://registry.yarnpkg.com/content-type/-/content-type-1.0.4.tgz#e138cc75e040c727b1966fe5e5f8c9aee256fe3b"

cookie-signature@1.0.6:
  version "1.0.6"
  resolved "https://registry.yarnpkg.com/cookie-signature/-/cookie-signature-1.0.6.tgz#e303a882b342cc3ee8ca513a79999734dab3ae2c"

cookie@0.3.1:
  version "0.3.1"
  resolved "https://registry.yarnpkg.com/cookie/-/cookie-0.3.1.tgz#e7e0a1f9ef43b4c8ba925c5c5a96e806d16873bb"

debug@0.7.4:
  version "0.7.4"
  resolved "https://registry.yarnpkg.com/debug/-/debug-0.7.4.tgz#06e1ea8082c2cb14e39806e22e2f6f757f92af39"

debug@2.2.0:
  version "2.2.0"
  resolved "https://registry.yarnpkg.com/debug/-/debug-2.2.0.tgz#f87057e995b1a1f6ae6a4960664137bc56f039da"
  dependencies:
    ms "0.7.1"

debug@2.6.9:
  version "2.6.9"
  resolved "https://registry.yarnpkg.com/debug/-/debug-2.6.9.tgz#5d128515df134ff327e90a4c93f4e077a536341f"
  dependencies:
    ms "2.0.0"

depd@1.1.1:
  version "1.1.1"
  resolved "https://registry.yarnpkg.com/depd/-/depd-1.1.1.tgz#5783b4e1c459f06fa5ca27f991f3d06e7a310359"

depd@~1.1.1, depd@~1.1.2:
  version "1.1.2"
  resolved "https://registry.yarnpkg.com/depd/-/depd-1.1.2.tgz#9bcd52e14c097763e749b274c4346ed2e560b5a9"

destroy@~1.0.4:
  version "1.0.4"
  resolved "https://registry.yarnpkg.com/destroy/-/destroy-1.0.4.tgz#978857442c44749e4206613e37946205826abd80"

ee-first@1.1.1:
  version "1.1.1"
  resolved "https://registry.yarnpkg.com/ee-first/-/ee-first-1.1.1.tgz#590c61156b0ae2f4f0255732a158b266bc56b21d"

encodeurl@~1.0.2:
  version "1.0.2"
  resolved "https://registry.yarnpkg.com/encodeurl/-/encodeurl-1.0.2.tgz#ad3ff4c86ec2d029322f5a02c3a9a606c95b3f59"

engine.io-client@1.6.11:
  version "1.6.11"
  resolved "https://registry.yarnpkg.com/engine.io-client/-/engine.io-client-1.6.11.tgz#7d250d8fa1c218119ecde51390458a57d5171376"
  dependencies:
    component-emitter "1.1.2"
    component-inherit "0.0.3"
    debug "2.2.0"
    engine.io-parser "1.2.4"
    has-cors "1.1.0"
    indexof "0.0.1"
    parsejson "0.0.1"
    parseqs "0.0.2"
    parseuri "0.0.4"
    ws "1.0.1"
    xmlhttprequest-ssl "1.5.1"
    yeast "0.1.2"

engine.io-parser@1.2.4:
  version "1.2.4"
  resolved "https://registry.yarnpkg.com/engine.io-parser/-/engine.io-parser-1.2.4.tgz#e0897b0bf14e792d4cd2a5950553919c56948c42"
  dependencies:
    after "0.8.1"
    arraybuffer.slice "0.0.6"
    base64-arraybuffer "0.1.2"
    blob "0.0.4"
    has-binary "0.1.6"
    utf8 "2.1.0"

engine.io@1.6.11:
  version "1.6.11"
  resolved "https://registry.yarnpkg.com/engine.io/-/engine.io-1.6.11.tgz#2533a97a65876c40ffcf95397b7ef9b495c423fe"
  dependencies:
    accepts "1.1.4"
    base64id "0.1.0"
    debug "2.2.0"
    engine.io-parser "1.2.4"
    ws "1.1.0"

escape-html@~1.0.3:
  version "1.0.3"
  resolved "https://registry.yarnpkg.com/escape-html/-/escape-html-1.0.3.tgz#0258eae4d3d0c0974de1c169188ef0051d1d1988"

etag@~1.8.1:
  version "1.8.1"
  resolved "https://registry.yarnpkg.com/etag/-/etag-1.8.1.tgz#41ae2eeb65efa62268aebfea83ac7d79299b0887"

eventemitter2@~2.2.0:
  version "2.2.2"
  resolved "https://registry.yarnpkg.com/eventemitter2/-/eventemitter2-2.2.2.tgz#407ea71c2020cd57538203ab7e7a6bdcfb7692d5"

express@^4.16.3:
  version "4.16.3"
  resolved "https://registry.yarnpkg.com/express/-/express-4.16.3.tgz#6af8a502350db3246ecc4becf6b5a34d22f7ed53"
  dependencies:
    accepts "~1.3.5"
    array-flatten "1.1.1"
    body-parser "1.18.2"
    content-disposition "0.5.2"
    content-type "~1.0.4"
    cookie "0.3.1"
    cookie-signature "1.0.6"
    debug "2.6.9"
    depd "~1.1.2"
    encodeurl "~1.0.2"
    escape-html "~1.0.3"
    etag "~1.8.1"
    finalhandler "1.1.1"
    fresh "0.5.2"
    merge-descriptors "1.0.1"
    methods "~1.1.2"
    on-finished "~2.3.0"
    parseurl "~1.3.2"
    path-to-regexp "0.1.7"
    proxy-addr "~2.0.3"
    qs "6.5.1"
    range-parser "~1.2.0"
    safe-buffer "5.1.1"
    send "0.16.2"
    serve-static "1.13.2"
    setprototypeof "1.1.0"
    statuses "~1.4.0"
    type-is "~1.6.16"
    utils-merge "1.0.1"
    vary "~1.1.2"

finalhandler@1.1.1:
  version "1.1.1"
  resolved "https://registry.yarnpkg.com/finalhandler/-/finalhandler-1.1.1.tgz#eebf4ed840079c83f4249038c9d703008301b105"
  dependencies:
    debug "2.6.9"
    encodeurl "~1.0.2"
    escape-html "~1.0.3"
    on-finished "~2.3.0"
    parseurl "~1.3.2"
    statuses "~1.4.0"
    unpipe "~1.0.0"

forwarded@~0.1.2:
  version "0.1.2"
  resolved "https://registry.yarnpkg.com/forwarded/-/forwarded-0.1.2.tgz#98c23dab1175657b8c0573e8ceccd91b0ff18c84"

fresh@0.5.2:
  version "0.5.2"
  resolved "https://registry.yarnpkg.com/fresh/-/fresh-0.5.2.tgz#3d8cadd90d976569fa835ab1f8e4b23a105605a7"

has-binary@0.1.6:
  version "0.1.6"
  resolved "https://registry.yarnpkg.com/has-binary/-/has-binary-0.1.6.tgz#25326f39cfa4f616ad8787894e3af2cfbc7b6e10"
  dependencies:
    isarray "0.0.1"

has-binary@0.1.7:
  version "0.1.7"
  resolved "https://registry.yarnpkg.com/has-binary/-/has-binary-0.1.7.tgz#68e61eb16210c9545a0a5cce06a873912fe1e68c"
  dependencies:
    isarray "0.0.1"

has-cors@1.1.0:
  version "1.1.0"
  resolved "https://registry.yarnpkg.com/has-cors/-/has-cors-1.1.0.tgz#5e474793f7ea9843d1bb99c23eef49ff126fff39"

http-errors@1.6.2:
  version "1.6.2"
  resolved "https://registry.yarnpkg.com/http-errors/-/http-errors-1.6.2.tgz#0a002cc85707192a7e7946ceedc11155f60ec736"
  dependencies:
    depd "1.1.1"
    inherits "2.0.3"
    setprototypeof "1.0.3"
    statuses ">= 1.3.1 < 2"

http-errors@~1.6.2:
  version "1.6.3"
  resolved "https://registry.yarnpkg.com/http-errors/-/http-errors-1.6.3.tgz#8b55680bb4be283a0b5bf4ea2e38580be1d9320d"
  dependencies:
    depd "~1.1.2"
    inherits "2.0.3"
    setprototypeof "1.1.0"
    statuses ">= 1.4.0 < 2"

iconv-lite@0.4.19:
  version "0.4.19"
  resolved "https://registry.yarnpkg.com/iconv-lite/-/iconv-lite-0.4.19.tgz#f7468f60135f5e5dad3399c0a81be9a1603a082b"

indexof@0.0.1:
  version "0.0.1"
  resolved "https://registry.yarnpkg.com/indexof/-/indexof-0.0.1.tgz#82dc336d232b9062179d05ab3293a66059fd435d"

inherits@2.0.3:
  version "2.0.3"
  resolved "https://registry.yarnpkg.com/inherits/-/inherits-2.0.3.tgz#633c2c83e3da42a502f52466022480f4208261de"

ipaddr.js@1.6.0:
  version "1.6.0"
  resolved "https://registry.yarnpkg.com/ipaddr.js/-/ipaddr.js-1.6.0.tgz#e3fa357b773da619f26e95f049d055c72796f86b"

isarray@0.0.1:
  version "0.0.1"
  resolved "https://registry.yarnpkg.com/isarray/-/isarray-0.0.1.tgz#8a18acfca9a8f4177e09abfc6038939b05d1eedf"

json3@3.2.6:
  version "3.2.6"
  resolved "https://registry.yarnpkg.com/json3/-/json3-3.2.6.tgz#f6efc93c06a04de9aec53053df2559bb19e2038b"

json3@3.3.2:
  version "3.3.2"
  resolved "https://registry.yarnpkg.com/json3/-/json3-3.3.2.tgz#3c0434743df93e2f5c42aee7b19bcb483575f4e1"

media-typer@0.3.0:
  version "0.3.0"
  resolved "https://registry.yarnpkg.com/media-typer/-/media-typer-0.3.0.tgz#8710d7af0aa626f8fffa1ce00168545263255748"

merge-descriptors@1.0.1:
  version "1.0.1"
  resolved "https://registry.yarnpkg.com/merge-descriptors/-/merge-descriptors-1.0.1.tgz#b00aaa556dd8b44568150ec9d1b953f3f90cbb61"

methods@~1.1.2:
  version "1.1.2"
  resolved "https://registry.yarnpkg.com/methods/-/methods-1.1.2.tgz#5529a4d67654134edcc5266656835b0f851afcee"

mime-db@~1.12.0:
  version "1.12.0"
  resolved "https://registry.yarnpkg.com/mime-db/-/mime-db-1.12.0.tgz#3d0c63180f458eb10d325aaa37d7c58ae312e9d7"

mime-db@~1.33.0:
  version "1.33.0"
  resolved "https://registry.yarnpkg.com/mime-db/-/mime-db-1.33.0.tgz#a3492050a5cb9b63450541e39d9788d2272783db"

mime-types@~2.0.4:
  version "2.0.14"
  resolved "https://registry.yarnpkg.com/mime-types/-/mime-types-2.0.14.tgz#310e159db23e077f8bb22b748dabfa4957140aa6"
  dependencies:
    mime-db "~1.12.0"

mime-types@~2.1.18:
  version "2.1.18"
  resolved "https://registry.yarnpkg.com/mime-types/-/mime-types-2.1.18.tgz#6f323f60a83d11146f831ff11fd66e2fe5503bb8"
  dependencies:
    mime-db "~1.33.0"

mime@1.4.1:
  version "1.4.1"
  resolved "https://registry.yarnpkg.com/mime/-/mime-1.4.1.tgz#121f9ebc49e3766f311a76e1fa1c8003c4b03aa6"

ms@0.7.1:
  version "0.7.1"
  resolved "https://registry.yarnpkg.com/ms/-/ms-0.7.1.tgz#9cd13c03adbff25b65effde7ce864ee952017098"

ms@2.0.0:
  version "2.0.0"
  resolved "https://registry.yarnpkg.com/ms/-/ms-2.0.0.tgz#5608aeadfc00be6c2901df5f9861788de0d597c8"

negotiator@0.4.9:
  version "0.4.9"
  resolved "https://registry.yarnpkg.com/negotiator/-/negotiator-0.4.9.tgz#92e46b6db53c7e421ed64a2bc94f08be7630df3f"

negotiator@0.6.1:
  version "0.6.1"
  resolved "https://registry.yarnpkg.com/negotiator/-/negotiator-0.6.1.tgz#2b327184e8992101177b28563fb5e7102acd0ca9"

object-assign@^4.0.1:
  version "4.1.1"
  resolved "https://registry.yarnpkg.com/object-assign/-/object-assign-4.1.1.tgz#2109adc7965887cfc05cbbd442cac8bfbb360863"

object-component@0.0.3:
  version "0.0.3"
  resolved "https://registry.yarnpkg.com/object-component/-/object-component-0.0.3.tgz#f0c69aa50efc95b866c186f400a33769cb2f1291"

on-finished@~2.3.0:
  version "2.3.0"
  resolved "https://registry.yarnpkg.com/on-finished/-/on-finished-2.3.0.tgz#20f1336481b083cd75337992a16971aa2d906947"
  dependencies:
    ee-first "1.1.1"

options@>=0.0.5:
  version "0.0.6"
  resolved "https://registry.yarnpkg.com/options/-/options-0.0.6.tgz#ec22d312806bb53e731773e7cdaefcf1c643128f"

parsejson@0.0.1:
  version "0.0.1"
  resolved "https://registry.yarnpkg.com/parsejson/-/parsejson-0.0.1.tgz#9b10c6c0d825ab589e685153826de0a3ba278bcc"
  dependencies:
    better-assert "~1.0.0"

parseqs@0.0.2:
  version "0.0.2"
  resolved "https://registry.yarnpkg.com/parseqs/-/parseqs-0.0.2.tgz#9dfe70b2cddac388bde4f35b1f240fa58adbe6c7"
  dependencies:
    better-assert "~1.0.0"

parseuri@0.0.4:
  version "0.0.4"
  resolved "https://registry.yarnpkg.com/parseuri/-/parseuri-0.0.4.tgz#806582a39887e1ea18dd5e2fe0e01902268e9350"
  dependencies:
    better-assert "~1.0.0"

parseurl@~1.3.2:
  version "1.3.2"
  resolved "https://registry.yarnpkg.com/parseurl/-/parseurl-1.3.2.tgz#fc289d4ed8993119460c156253262cdc8de65bf3"

path-to-regexp@0.1.7:
  version "0.1.7"
  resolved "https://registry.yarnpkg.com/path-to-regexp/-/path-to-regexp-0.1.7.tgz#df604178005f522f15eb4490e7247a1bfaa67f8c"

pngparse@^2.0.1:
  version "2.0.1"
  resolved "https://registry.yarnpkg.com/pngparse/-/pngparse-2.0.1.tgz#86852de4de349f4efb1e852e7525655e5ac5dfb8"

proxy-addr@~2.0.3:
  version "2.0.3"
  resolved "https://registry.yarnpkg.com/proxy-addr/-/proxy-addr-2.0.3.tgz#355f262505a621646b3130a728eb647e22055341"
  dependencies:
    forwarded "~0.1.2"
    ipaddr.js "1.6.0"

qs@6.5.1:
  version "6.5.1"
  resolved "https://registry.yarnpkg.com/qs/-/qs-6.5.1.tgz#349cdf6eef89ec45c12d7d5eb3fc0c870343a6d8"

range-parser@~1.2.0:
  version "1.2.0"
  resolved "https://registry.yarnpkg.com/range-parser/-/range-parser-1.2.0.tgz#f49be6b487894ddc40dcc94a322f611092e00d5e"

raw-body@2.3.2:
  version "2.3.2"
  resolved "https://registry.yarnpkg.com/raw-body/-/raw-body-2.3.2.tgz#bcd60c77d3eb93cde0050295c3f379389bc88f89"
  dependencies:
    bytes "3.0.0"
    http-errors "1.6.2"
    iconv-lite "0.4.19"
    unpipe "1.0.0"

"ros3d@file:../..":
  version "0.18.0"
  dependencies:
    eventemitter2 "~2.2.0"
    roslib ">=0.14.0"
    three "^0.88.0"

roslib@>=0.14.0:
  version "0.20.0"
  resolved "https://registry.yarnpkg.com/roslib/-/roslib-0.20.0.tgz#68c5f9a7f000483a2078b9c1cd6568fd86e8f3df"
  dependencies:
    eventemitter2 "~2.2.0"
    object-assign "^4.0.1"
    pngparse "^2.0.1"
    socket.io "1.4.8"
    ws "^1.1.1"
    xmldom "^0.1.19"

safe-buffer@5.1.1:
  version "5.1.1"
  resolved "https://registry.yarnpkg.com/safe-buffer/-/safe-buffer-5.1.1.tgz#893312af69b2123def71f57889001671eeb2c853"

send@0.16.2:
  version "0.16.2"
  resolved "https://registry.yarnpkg.com/send/-/send-0.16.2.tgz#6ecca1e0f8c156d141597559848df64730a6bbc1"
  dependencies:
    debug "2.6.9"
    depd "~1.1.2"
    destroy "~1.0.4"
    encodeurl "~1.0.2"
    escape-html "~1.0.3"
    etag "~1.8.1"
    fresh "0.5.2"
    http-errors "~1.6.2"
    mime "1.4.1"
    ms "2.0.0"
    on-finished "~2.3.0"
    range-parser "~1.2.0"
    statuses "~1.4.0"

serve-static@1.13.2:
  version "1.13.2"
  resolved "https://registry.yarnpkg.com/serve-static/-/serve-static-1.13.2.tgz#095e8472fd5b46237db50ce486a43f4b86c6cec1"
  dependencies:
    encodeurl "~1.0.2"
    escape-html "~1.0.3"
    parseurl "~1.3.2"
    send "0.16.2"

setprototypeof@1.0.3:
  version "1.0.3"
  resolved "https://registry.yarnpkg.com/setprototypeof/-/setprototypeof-1.0.3.tgz#66567e37043eeb4f04d91bd658c0cbefb55b8e04"

setprototypeof@1.1.0:
  version "1.1.0"
  resolved "https://registry.yarnpkg.com/setprototypeof/-/setprototypeof-1.1.0.tgz#d0bd85536887b6fe7c0d818cb962d9d91c54e656"

socket.io-adapter@0.4.0:
  version "0.4.0"
  resolved "https://registry.yarnpkg.com/socket.io-adapter/-/socket.io-adapter-0.4.0.tgz#fb9f82ab1aa65290bf72c3657955b930a991a24f"
  dependencies:
    debug "2.2.0"
    socket.io-parser "2.2.2"

socket.io-client@1.4.8:
  version "1.4.8"
  resolved "https://registry.yarnpkg.com/socket.io-client/-/socket.io-client-1.4.8.tgz#481b241e73df140ea1a4fb03486a85ad097f5558"
  dependencies:
    backo2 "1.0.2"
    component-bind "1.0.0"
    component-emitter "1.2.0"
    debug "2.2.0"
    engine.io-client "1.6.11"
    has-binary "0.1.7"
    indexof "0.0.1"
    object-component "0.0.3"
    parseuri "0.0.4"
    socket.io-parser "2.2.6"
    to-array "0.1.4"

socket.io-parser@2.2.2:
  version "2.2.2"
  resolved "https://registry.yarnpkg.com/socket.io-parser/-/socket.io-parser-2.2.2.tgz#3d7af6b64497e956b7d9fe775f999716027f9417"
  dependencies:
    benchmark "1.0.0"
    component-emitter "1.1.2"
    debug "0.7.4"
    isarray "0.0.1"
    json3 "3.2.6"

socket.io-parser@2.2.6:
  version "2.2.6"
  resolved "https://registry.yarnpkg.com/socket.io-parser/-/socket.io-parser-2.2.6.tgz#38dfd61df50dcf8ab1d9e2091322bf902ba28b99"
  dependencies:
    benchmark "1.0.0"
    component-emitter "1.1.2"
    debug "2.2.0"
    isarray "0.0.1"
    json3 "3.3.2"

socket.io@1.4.8:
  version "1.4.8"
  resolved "https://registry.yarnpkg.com/socket.io/-/socket.io-1.4.8.tgz#e576f330cd0bed64e55b3fd26df991141884867b"
  dependencies:
    debug "2.2.0"
    engine.io "1.6.11"
    has-binary "0.1.7"
    socket.io-adapter "0.4.0"
    socket.io-client "1.4.8"
    socket.io-parser "2.2.6"

"statuses@>= 1.3.1 < 2", "statuses@>= 1.4.0 < 2":
  version "1.5.0"
  resolved "https://registry.yarnpkg.com/statuses/-/statuses-1.5.0.tgz#161c7dac177659fd9811f43771fa99381478628c"

statuses@~1.4.0:
  version "1.4.0"
  resolved "https://registry.yarnpkg.com/statuses/-/statuses-1.4.0.tgz#bb73d446da2796106efcc1b601a253d6c46bd087"

three@^0.88.0:
  version "0.88.0"
  resolved "https://registry.yarnpkg.com/three/-/three-0.88.0.tgz#4256c2fc38e4fb23a0d23eba2b6cce4df8e466d5"

to-array@0.1.4:
  version "0.1.4"
  resolved "https://registry.yarnpkg.com/to-array/-/to-array-0.1.4.tgz#17e6c11f73dd4f3d74cda7a4ff3238e9ad9bf890"

type-is@~1.6.15, type-is@~1.6.16:
  version "1.6.16"
  resolved "https://registry.yarnpkg.com/type-is/-/type-is-1.6.16.tgz#f89ce341541c672b25ee7ae3c73dee3b2be50194"
  dependencies:
    media-typer "0.3.0"
    mime-types "~2.1.18"

ultron@1.0.x:
  version "1.0.2"
  resolved "https://registry.yarnpkg.com/ultron/-/ultron-1.0.2.tgz#ace116ab557cd197386a4e88f4685378c8b2e4fa"

unpipe@1.0.0, unpipe@~1.0.0:
  version "1.0.0"
  resolved "https://registry.yarnpkg.com/unpipe/-/unpipe-1.0.0.tgz#b2bf4ee8514aae6165b4817829d21b2ef49904ec"

utf8@2.1.0:
  version "2.1.0"
  resolved "https://registry.yarnpkg.com/utf8/-/utf8-2.1.0.tgz#0cfec5c8052d44a23e3aaa908104e8075f95dfd5"

utils-merge@1.0.1:
  version "1.0.1"
  resolved "https://registry.yarnpkg.com/utils-merge/-/utils-merge-1.0.1.tgz#9f95710f50a267947b2ccc124741c1028427e713"

vary@~1.1.2:
  version "1.1.2"
  resolved "https://registry.yarnpkg.com/vary/-/vary-1.1.2.tgz#2299f02c6ded30d4a5961b0b9f74524a18f634fc"

ws@1.0.1:
  version "1.0.1"
  resolved "https://registry.yarnpkg.com/ws/-/ws-1.0.1.tgz#7d0b2a2e58cddd819039c29c9de65045e1b310e9"
  dependencies:
    options ">=0.0.5"
    ultron "1.0.x"

ws@1.1.0:
  version "1.1.0"
  resolved "https://registry.yarnpkg.com/ws/-/ws-1.1.0.tgz#c1d6fd1515d3ceff1f0ae2759bf5fd77030aad1d"
  dependencies:
    options ">=0.0.5"
    ultron "1.0.x"

ws@^1.1.1:
  version "1.1.5"
  resolved "https://registry.yarnpkg.com/ws/-/ws-1.1.5.tgz#cbd9e6e75e09fc5d2c90015f21f0c40875e0dd51"
  dependencies:
    options ">=0.0.5"
    ultron "1.0.x"

xmldom@^0.1.19:
  version "0.1.27"
  resolved "https://registry.yarnpkg.com/xmldom/-/xmldom-0.1.27.tgz#d501f97b3bdb403af8ef9ecc20573187aadac0e9"

xmlhttprequest-ssl@1.5.1:
  version "1.5.1"
  resolved "https://registry.yarnpkg.com/xmlhttprequest-ssl/-/xmlhttprequest-ssl-1.5.1.tgz#3b7741fea4a86675976e908d296d4445961faa67"

yeast@0.1.2:
  version "0.1.2"
  resolved "https://registry.yarnpkg.com/yeast/-/yeast-0.1.2.tgz#008e06d8094320c372dbc2f8ed76a0ca6c8ac419"
